<Solution>
  <Folder Name="/src/" />
  <Folder Name="/src/BuildingBlocks/">
    <Project Path="src/BuildingBlocks/Sagaflow.Contracts/Sagaflow.Contracts.csproj" />
    <Project Path="src/BuildingBlocks/Sagaflow.Infrastructure/Sagaflow.Infrastructure.csproj" />
    <Project Path="src/BuildingBlocks/Sagaflow.ServiceDefaults/Sagaflow.ServiceDefaults.csproj" />
  </Folder>
  <Folder Name="/src/Services/">
    <Project Path="src/Services/Catalog/Sagaflow.Catalog.Api/Sagaflow.Catalog.Api.csproj" />
  </Folder>
</Solution>
